{
    "_readme": [
        "This file locks the dependencies of your project to a known state",
        "Read more about it at https://getcomposer.org/doc/01-basic-usage.md#installing-dependencies",
        "This file is @generated automatically"
    ],
    "content-hash": "3ffc4c15deb6d6d1e14f3b0b55aa121f",
    "packages": [
        {
            "name": "brick/math",
            "version": "0.9.3",
            "source": {
                "type": "git",
                "url": "https://github.com/brick/math.git",
                "reference": "ca57d18f028f84f777b2168cd1911b0dee2343ae"
            },
            "dist": {
                "type": "zip",
                "url": "https://api.github.com/repos/brick/math/zipball/ca57d18f028f84f777b2168cd1911b0dee2343ae",
                "reference": "ca57d18f028f84f777b2168cd1911b0dee2343ae",
                "shasum": ""
            },
            "require": {
                "ext-json": "*",
                "php": "^7.1 || ^8.0"
            },
            "require-dev": {
                "php-coveralls/php-coveralls": "^2.2",
                "phpunit/phpunit": "^7.5.15 || ^8.5 || ^9.0",
                "vimeo/psalm": "4.9.2"
            },
            "type": "library",
            "autoload": {
                "psr-4": {
                    "Brick\\Math\\": "src/"
                }
            },
            "notification-url": "https://packagist.org/downloads/",
            "license": [
                "MIT"
            ],
            "description": "Arbitrary-precision arithmetic library",
            "keywords": [
                "Arbitrary-precision",
                "BigInteger",
                "BigRational",
                "arithmetic",
                "bigdecimal",
                "bignum",
                "brick",
                "math"
            ],
            "support": {
                "issues": "https://github.com/brick/math/issues",
                "source": "https://github.com/brick/math/tree/0.9.3"
            },
            "funding": [
                {
                    "url": "https://github.com/BenMorel",
                    "type": "github"
                },
                {
                    "url": "https://tidelift.com/funding/github/packagist/brick/math",
                    "type": "tidelift"
                }
            ],
            "time": "2021-08-15T20:50:18+00:00"
        },
        {
            "name": "fgrosse/phpasn1",
            "version": "v2.4.0",
            "source": {
                "type": "git",
                "url": "https://github.com/fgrosse/PHPASN1.git",
                "reference": "eef488991d53e58e60c9554b09b1201ca5ba9296"
            },
            "dist": {
                "type": "zip",
                "url": "https://api.github.com/repos/fgrosse/PHPASN1/zipball/eef488991d53e58e60c9554b09b1201ca5ba9296",
                "reference": "eef488991d53e58e60c9554b09b1201ca5ba9296",
                "shasum": ""
            },
            "require": {
                "php": "~7.1.0 || ~7.2.0 || ~7.3.0 || ~7.4.0 || ~8.0.0 || ~8.1.0"
            },
            "require-dev": {
                "php-coveralls/php-coveralls": "~2.0",
                "phpunit/phpunit": "^6.3 || ^7.0 || ^8.0"
            },
            "suggest": {
                "ext-bcmath": "BCmath is the fallback extension for big integer calculations",
                "ext-curl": "For loading OID information from the web if they have not bee defined statically",
                "ext-gmp": "GMP is the preferred extension for big integer calculations",
                "phpseclib/bcmath_compat": "BCmath polyfill for servers where neither GMP nor BCmath is available"
            },
            "type": "library",
            "extra": {
                "branch-alias": {
                    "dev-master": "2.0.x-dev"
                }
            },
            "autoload": {
                "psr-4": {
                    "FG\\": "lib/"
                }
            },
            "notification-url": "https://packagist.org/downloads/",
            "license": [
                "MIT"
            ],
            "authors": [
                {
                    "name": "Friedrich Große",
                    "email": "friedrich.grosse@gmail.com",
                    "homepage": "https://github.com/FGrosse",
                    "role": "Author"
                },
                {
                    "name": "All contributors",
                    "homepage": "https://github.com/FGrosse/PHPASN1/contributors"
                }
            ],
            "description": "A PHP Framework that allows you to encode and decode arbitrary ASN.1 structures using the ITU-T X.690 Encoding Rules.",
            "homepage": "https://github.com/FGrosse/PHPASN1",
            "keywords": [
                "DER",
                "asn.1",
                "asn1",
                "ber",
                "binary",
                "decoding",
                "encoding",
                "x.509",
                "x.690",
                "x509",
                "x690"
            ],
            "support": {
                "issues": "https://github.com/fgrosse/PHPASN1/issues",
                "source": "https://github.com/fgrosse/PHPASN1/tree/v2.4.0"
            },
            "time": "2021-12-11T12:41:06+00:00"
        },
        {
            "name": "guzzlehttp/guzzle",
            "version": "7.4.1",
            "source": {
                "type": "git",
                "url": "https://github.com/guzzle/guzzle.git",
                "reference": "ee0a041b1760e6a53d2a39c8c34115adc2af2c79"
            },
            "dist": {
                "type": "zip",
                "url": "https://api.github.com/repos/guzzle/guzzle/zipball/ee0a041b1760e6a53d2a39c8c34115adc2af2c79",
                "reference": "ee0a041b1760e6a53d2a39c8c34115adc2af2c79",
                "shasum": ""
            },
            "require": {
                "ext-json": "*",
                "guzzlehttp/promises": "^1.5",
                "guzzlehttp/psr7": "^1.8.3 || ^2.1",
                "php": "^7.2.5 || ^8.0",
                "psr/http-client": "^1.0",
                "symfony/deprecation-contracts": "^2.2 || ^3.0"
            },
            "provide": {
                "psr/http-client-implementation": "1.0"
            },
            "require-dev": {
                "bamarni/composer-bin-plugin": "^1.4.1",
                "ext-curl": "*",
                "php-http/client-integration-tests": "^3.0",
                "phpunit/phpunit": "^8.5.5 || ^9.3.5",
                "psr/log": "^1.1 || ^2.0 || ^3.0"
            },
            "suggest": {
                "ext-curl": "Required for CURL handler support",
                "ext-intl": "Required for Internationalized Domain Name (IDN) support",
                "psr/log": "Required for using the Log middleware"
            },
            "type": "library",
            "extra": {
                "branch-alias": {
                    "dev-master": "7.4-dev"
                }
            },
            "autoload": {
                "psr-4": {
                    "GuzzleHttp\\": "src/"
                },
                "files": [
                    "src/functions_include.php"
                ]
            },
            "notification-url": "https://packagist.org/downloads/",
            "license": [
                "MIT"
            ],
            "authors": [
                {
                    "name": "Graham Campbell",
                    "email": "hello@gjcampbell.co.uk",
                    "homepage": "https://github.com/GrahamCampbell"
                },
                {
                    "name": "Michael Dowling",
                    "email": "mtdowling@gmail.com",
                    "homepage": "https://github.com/mtdowling"
                },
                {
                    "name": "Jeremy Lindblom",
                    "email": "jeremeamia@gmail.com",
                    "homepage": "https://github.com/jeremeamia"
                },
                {
                    "name": "George Mponos",
                    "email": "gmponos@gmail.com",
                    "homepage": "https://github.com/gmponos"
                },
                {
                    "name": "Tobias Nyholm",
                    "email": "tobias.nyholm@gmail.com",
                    "homepage": "https://github.com/Nyholm"
                },
                {
                    "name": "Márk Sági-Kazár",
                    "email": "mark.sagikazar@gmail.com",
                    "homepage": "https://github.com/sagikazarmark"
                },
                {
                    "name": "Tobias Schultze",
                    "email": "webmaster@tubo-world.de",
                    "homepage": "https://github.com/Tobion"
                }
            ],
            "description": "Guzzle is a PHP HTTP client library",
            "keywords": [
                "client",
                "curl",
                "framework",
                "http",
                "http client",
                "psr-18",
                "psr-7",
                "rest",
                "web service"
            ],
            "support": {
                "issues": "https://github.com/guzzle/guzzle/issues",
                "source": "https://github.com/guzzle/guzzle/tree/7.4.1"
            },
            "funding": [
                {
                    "url": "https://github.com/GrahamCampbell",
                    "type": "github"
                },
                {
                    "url": "https://github.com/Nyholm",
                    "type": "github"
                },
                {
                    "url": "https://tidelift.com/funding/github/packagist/guzzlehttp/guzzle",
                    "type": "tidelift"
                }
            ],
            "time": "2021-12-06T18:43:05+00:00"
        },
        {
            "name": "guzzlehttp/promises",
            "version": "1.5.1",
            "source": {
                "type": "git",
                "url": "https://github.com/guzzle/promises.git",
                "reference": "fe752aedc9fd8fcca3fe7ad05d419d32998a06da"
            },
            "dist": {
                "type": "zip",
                "url": "https://api.github.com/repos/guzzle/promises/zipball/fe752aedc9fd8fcca3fe7ad05d419d32998a06da",
                "reference": "fe752aedc9fd8fcca3fe7ad05d419d32998a06da",
                "shasum": ""
            },
            "require": {
                "php": ">=5.5"
            },
            "require-dev": {
                "symfony/phpunit-bridge": "^4.4 || ^5.1"
            },
            "type": "library",
            "extra": {
                "branch-alias": {
                    "dev-master": "1.5-dev"
                }
            },
            "autoload": {
                "psr-4": {
                    "GuzzleHttp\\Promise\\": "src/"
                },
                "files": [
                    "src/functions_include.php"
                ]
            },
            "notification-url": "https://packagist.org/downloads/",
            "license": [
                "MIT"
            ],
            "authors": [
                {
                    "name": "Graham Campbell",
                    "email": "hello@gjcampbell.co.uk",
                    "homepage": "https://github.com/GrahamCampbell"
                },
                {
                    "name": "Michael Dowling",
                    "email": "mtdowling@gmail.com",
                    "homepage": "https://github.com/mtdowling"
                },
                {
                    "name": "Tobias Nyholm",
                    "email": "tobias.nyholm@gmail.com",
                    "homepage": "https://github.com/Nyholm"
                },
                {
                    "name": "Tobias Schultze",
                    "email": "webmaster@tubo-world.de",
                    "homepage": "https://github.com/Tobion"
                }
            ],
            "description": "Guzzle promises library",
            "keywords": [
                "promise"
            ],
            "support": {
                "issues": "https://github.com/guzzle/promises/issues",
                "source": "https://github.com/guzzle/promises/tree/1.5.1"
            },
            "funding": [
                {
                    "url": "https://github.com/GrahamCampbell",
                    "type": "github"
                },
                {
                    "url": "https://github.com/Nyholm",
                    "type": "github"
                },
                {
                    "url": "https://tidelift.com/funding/github/packagist/guzzlehttp/promises",
                    "type": "tidelift"
                }
            ],
            "time": "2021-10-22T20:56:57+00:00"
        },
        {
            "name": "guzzlehttp/psr7",
            "version": "2.1.0",
            "source": {
                "type": "git",
                "url": "https://github.com/guzzle/psr7.git",
                "reference": "089edd38f5b8abba6cb01567c2a8aaa47cec4c72"
            },
            "dist": {
                "type": "zip",
                "url": "https://api.github.com/repos/guzzle/psr7/zipball/089edd38f5b8abba6cb01567c2a8aaa47cec4c72",
                "reference": "089edd38f5b8abba6cb01567c2a8aaa47cec4c72",
                "shasum": ""
            },
            "require": {
                "php": "^7.2.5 || ^8.0",
                "psr/http-factory": "^1.0",
                "psr/http-message": "^1.0",
                "ralouphie/getallheaders": "^3.0"
            },
            "provide": {
                "psr/http-factory-implementation": "1.0",
                "psr/http-message-implementation": "1.0"
            },
            "require-dev": {
                "bamarni/composer-bin-plugin": "^1.4.1",
                "http-interop/http-factory-tests": "^0.9",
                "phpunit/phpunit": "^8.5.8 || ^9.3.10"
            },
            "suggest": {
                "laminas/laminas-httphandlerrunner": "Emit PSR-7 responses"
            },
            "type": "library",
            "extra": {
                "branch-alias": {
                    "dev-master": "2.1-dev"
                }
            },
            "autoload": {
                "psr-4": {
                    "GuzzleHttp\\Psr7\\": "src/"
                }
            },
            "notification-url": "https://packagist.org/downloads/",
            "license": [
                "MIT"
            ],
            "authors": [
                {
                    "name": "Graham Campbell",
                    "email": "hello@gjcampbell.co.uk",
                    "homepage": "https://github.com/GrahamCampbell"
                },
                {
                    "name": "Michael Dowling",
                    "email": "mtdowling@gmail.com",
                    "homepage": "https://github.com/mtdowling"
                },
                {
                    "name": "George Mponos",
                    "email": "gmponos@gmail.com",
                    "homepage": "https://github.com/gmponos"
                },
                {
                    "name": "Tobias Nyholm",
                    "email": "tobias.nyholm@gmail.com",
                    "homepage": "https://github.com/Nyholm"
                },
                {
                    "name": "Márk Sági-Kazár",
                    "email": "mark.sagikazar@gmail.com",
                    "homepage": "https://github.com/sagikazarmark"
                },
                {
                    "name": "Tobias Schultze",
                    "email": "webmaster@tubo-world.de",
                    "homepage": "https://github.com/Tobion"
                },
                {
                    "name": "Márk Sági-Kazár",
                    "email": "mark.sagikazar@gmail.com",
                    "homepage": "https://sagikazarmark.hu"
                }
            ],
            "description": "PSR-7 message implementation that also provides common utility methods",
            "keywords": [
                "http",
                "message",
                "psr-7",
                "request",
                "response",
                "stream",
                "uri",
                "url"
            ],
            "support": {
                "issues": "https://github.com/guzzle/psr7/issues",
                "source": "https://github.com/guzzle/psr7/tree/2.1.0"
            },
            "funding": [
                {
                    "url": "https://github.com/GrahamCampbell",
                    "type": "github"
                },
                {
                    "url": "https://github.com/Nyholm",
                    "type": "github"
                },
                {
                    "url": "https://tidelift.com/funding/github/packagist/guzzlehttp/psr7",
                    "type": "tidelift"
                }
            ],
            "time": "2021-10-06T17:43:30+00:00"
        },
        {
            "name": "minishlink/web-push",
            "version": "v6.0.7",
            "source": {
                "type": "git",
                "url": "https://github.com/web-push-libs/web-push-php.git",
                "reference": "23a78b8585bdcecaa323f1dd1acdc548e28892fe"
            },
            "dist": {
                "type": "zip",
                "url": "https://api.github.com/repos/web-push-libs/web-push-php/zipball/23a78b8585bdcecaa323f1dd1acdc548e28892fe",
                "reference": "23a78b8585bdcecaa323f1dd1acdc548e28892fe",
                "shasum": ""
            },
            "require": {
                "ext-curl": "*",
                "ext-json": "*",
                "ext-mbstring": "*",
                "ext-openssl": "*",
                "guzzlehttp/guzzle": "^7.0.1|^6.2",
                "php": ">=7.2",
                "web-token/jwt-key-mgmt": "^2.0",
                "web-token/jwt-signature": "^2.0",
                "web-token/jwt-signature-algorithm-ecdsa": "^2.0",
                "web-token/jwt-util-ecc": "^2.0"
            },
            "require-dev": {
                "friendsofphp/php-cs-fixer": "^2.14",
                "phpstan/phpstan": "^0.11|^0.12",
                "phpunit/phpunit": "^8.0|^9.0"
            },
            "type": "library",
            "autoload": {
                "psr-4": {
                    "Minishlink\\WebPush\\": "src"
                }
            },
            "notification-url": "https://packagist.org/downloads/",
            "license": [
                "MIT"
            ],
            "authors": [
                {
                    "name": "Louis Lagrange",
                    "email": "lagrange.louis@gmail.com",
                    "homepage": "https://github.com/Minishlink"
                }
            ],
            "description": "Web Push library for PHP",
            "homepage": "https://github.com/web-push-libs/web-push-php",
            "keywords": [
                "Push API",
                "WebPush",
                "notifications",
                "push",
                "web"
            ],
            "support": {
                "issues": "https://github.com/web-push-libs/web-push-php/issues",
                "source": "https://github.com/web-push-libs/web-push-php/tree/v6.0.7"
            },
            "time": "2021-11-22T17:36:01+00:00"
        },
        {
            "name": "psr/http-client",
            "version": "1.0.1",
            "source": {
                "type": "git",
                "url": "https://github.com/php-fig/http-client.git",
                "reference": "2dfb5f6c5eff0e91e20e913f8c5452ed95b86621"
            },
            "dist": {
                "type": "zip",
                "url": "https://api.github.com/repos/php-fig/http-client/zipball/2dfb5f6c5eff0e91e20e913f8c5452ed95b86621",
                "reference": "2dfb5f6c5eff0e91e20e913f8c5452ed95b86621",
                "shasum": ""
            },
            "require": {
                "php": "^7.0 || ^8.0",
                "psr/http-message": "^1.0"
            },
            "type": "library",
            "extra": {
                "branch-alias": {
                    "dev-master": "1.0.x-dev"
                }
            },
            "autoload": {
                "psr-4": {
                    "Psr\\Http\\Client\\": "src/"
                }
            },
            "notification-url": "https://packagist.org/downloads/",
            "license": [
                "MIT"
            ],
            "authors": [
                {
                    "name": "PHP-FIG",
                    "homepage": "http://www.php-fig.org/"
                }
            ],
            "description": "Common interface for HTTP clients",
            "homepage": "https://github.com/php-fig/http-client",
            "keywords": [
                "http",
                "http-client",
                "psr",
                "psr-18"
            ],
            "support": {
                "source": "https://github.com/php-fig/http-client/tree/master"
            },
            "time": "2020-06-29T06:28:15+00:00"
        },
        {
            "name": "psr/http-factory",
            "version": "1.0.1",
            "source": {
                "type": "git",
                "url": "https://github.com/php-fig/http-factory.git",
                "reference": "12ac7fcd07e5b077433f5f2bee95b3a771bf61be"
            },
            "dist": {
                "type": "zip",
                "url": "https://api.github.com/repos/php-fig/http-factory/zipball/12ac7fcd07e5b077433f5f2bee95b3a771bf61be",
                "reference": "12ac7fcd07e5b077433f5f2bee95b3a771bf61be",
                "shasum": ""
            },
            "require": {
                "php": ">=7.0.0",
                "psr/http-message": "^1.0"
            },
            "type": "library",
            "extra": {
                "branch-alias": {
                    "dev-master": "1.0.x-dev"
                }
            },
            "autoload": {
                "psr-4": {
                    "Psr\\Http\\Message\\": "src/"
                }
            },
            "notification-url": "https://packagist.org/downloads/",
            "license": [
                "MIT"
            ],
            "authors": [
                {
                    "name": "PHP-FIG",
                    "homepage": "http://www.php-fig.org/"
                }
            ],
            "description": "Common interfaces for PSR-7 HTTP message factories",
            "keywords": [
                "factory",
                "http",
                "message",
                "psr",
                "psr-17",
                "psr-7",
                "request",
                "response"
            ],
            "support": {
                "source": "https://github.com/php-fig/http-factory/tree/master"
            },
            "time": "2019-04-30T12:38:16+00:00"
        },
        {
            "name": "psr/http-message",
            "version": "1.0.1",
            "source": {
                "type": "git",
                "url": "https://github.com/php-fig/http-message.git",
                "reference": "f6561bf28d520154e4b0ec72be95418abe6d9363"
            },
            "dist": {
                "type": "zip",
                "url": "https://api.github.com/repos/php-fig/http-message/zipball/f6561bf28d520154e4b0ec72be95418abe6d9363",
                "reference": "f6561bf28d520154e4b0ec72be95418abe6d9363",
                "shasum": ""
            },
            "require": {
                "php": ">=5.3.0"
            },
            "type": "library",
            "extra": {
                "branch-alias": {
                    "dev-master": "1.0.x-dev"
                }
            },
            "autoload": {
                "psr-4": {
                    "Psr\\Http\\Message\\": "src/"
                }
            },
            "notification-url": "https://packagist.org/downloads/",
            "license": [
                "MIT"
            ],
            "authors": [
                {
                    "name": "PHP-FIG",
                    "homepage": "http://www.php-fig.org/"
                }
            ],
            "description": "Common interface for HTTP messages",
            "homepage": "https://github.com/php-fig/http-message",
            "keywords": [
                "http",
                "http-message",
                "psr",
                "psr-7",
                "request",
                "response"
            ],
            "support": {
                "source": "https://github.com/php-fig/http-message/tree/master"
            },
            "time": "2016-08-06T14:39:51+00:00"
        },
        {
            "name": "ralouphie/getallheaders",
            "version": "3.0.3",
            "source": {
                "type": "git",
                "url": "https://github.com/ralouphie/getallheaders.git",
                "reference": "120b605dfeb996808c31b6477290a714d356e822"
            },
            "dist": {
                "type": "zip",
                "url": "https://api.github.com/repos/ralouphie/getallheaders/zipball/120b605dfeb996808c31b6477290a714d356e822",
                "reference": "120b605dfeb996808c31b6477290a714d356e822",
                "shasum": ""
            },
            "require": {
                "php": ">=5.6"
            },
            "require-dev": {
                "php-coveralls/php-coveralls": "^2.1",
                "phpunit/phpunit": "^5 || ^6.5"
            },
            "type": "library",
            "autoload": {
                "files": [
                    "src/getallheaders.php"
                ]
            },
            "notification-url": "https://packagist.org/downloads/",
            "license": [
                "MIT"
            ],
            "authors": [
                {
                    "name": "Ralph Khattar",
                    "email": "ralph.khattar@gmail.com"
                }
            ],
            "description": "A polyfill for getallheaders.",
            "support": {
                "issues": "https://github.com/ralouphie/getallheaders/issues",
                "source": "https://github.com/ralouphie/getallheaders/tree/develop"
            },
            "time": "2019-03-08T08:55:37+00:00"
        },
        {
            "name": "spomky-labs/base64url",
            "version": "v2.0.4",
            "source": {
                "type": "git",
                "url": "https://github.com/Spomky-Labs/base64url.git",
                "reference": "7752ce931ec285da4ed1f4c5aa27e45e097be61d"
            },
            "dist": {
                "type": "zip",
                "url": "https://api.github.com/repos/Spomky-Labs/base64url/zipball/7752ce931ec285da4ed1f4c5aa27e45e097be61d",
                "reference": "7752ce931ec285da4ed1f4c5aa27e45e097be61d",
                "shasum": ""
            },
            "require": {
                "php": ">=7.1"
            },
            "require-dev": {
                "phpstan/extension-installer": "^1.0",
                "phpstan/phpstan": "^0.11|^0.12",
                "phpstan/phpstan-beberlei-assert": "^0.11|^0.12",
                "phpstan/phpstan-deprecation-rules": "^0.11|^0.12",
                "phpstan/phpstan-phpunit": "^0.11|^0.12",
                "phpstan/phpstan-strict-rules": "^0.11|^0.12"
            },
            "type": "library",
            "autoload": {
                "psr-4": {
                    "Base64Url\\": "src/"
                }
            },
            "notification-url": "https://packagist.org/downloads/",
            "license": [
                "MIT"
            ],
            "authors": [
                {
                    "name": "Florent Morselli",
                    "homepage": "https://github.com/Spomky-Labs/base64url/contributors"
                }
            ],
            "description": "Base 64 URL Safe Encoding/Decoding PHP Library",
            "homepage": "https://github.com/Spomky-Labs/base64url",
            "keywords": [
                "base64",
                "rfc4648",
                "safe",
                "url"
            ],
            "support": {
                "issues": "https://github.com/Spomky-Labs/base64url/issues",
                "source": "https://github.com/Spomky-Labs/base64url/tree/v2.0.4"
            },
            "funding": [
                {
                    "url": "https://github.com/Spomky",
                    "type": "github"
                },
                {
                    "url": "https://www.patreon.com/FlorentMorselli",
                    "type": "patreon"
                }
            ],
            "time": "2020-11-03T09:10:25+00:00"
        },
        {
            "name": "symfony/deprecation-contracts",
            "version": "v2.5.0",
            "source": {
                "type": "git",
                "url": "https://github.com/symfony/deprecation-contracts.git",
                "reference": "6f981ee24cf69ee7ce9736146d1c57c2780598a8"
            },
            "dist": {
                "type": "zip",
                "url": "https://api.github.com/repos/symfony/deprecation-contracts/zipball/6f981ee24cf69ee7ce9736146d1c57c2780598a8",
                "reference": "6f981ee24cf69ee7ce9736146d1c57c2780598a8",
                "shasum": ""
            },
            "require": {
                "php": ">=7.1"
            },
            "type": "library",
            "extra": {
                "branch-alias": {
                    "dev-main": "2.5-dev"
                },
                "thanks": {
                    "name": "symfony/contracts",
                    "url": "https://github.com/symfony/contracts"
                }
            },
            "autoload": {
                "files": [
                    "function.php"
                ]
            },
            "notification-url": "https://packagist.org/downloads/",
            "license": [
                "MIT"
            ],
            "authors": [
                {
                    "name": "Nicolas Grekas",
                    "email": "p@tchwork.com"
                },
                {
                    "name": "Symfony Community",
                    "homepage": "https://symfony.com/contributors"
                }
            ],
            "description": "A generic function and convention to trigger deprecation notices",
            "homepage": "https://symfony.com",
            "support": {
                "source": "https://github.com/symfony/deprecation-contracts/tree/v2.5.0"
            },
            "funding": [
                {
                    "url": "https://symfony.com/sponsor",
                    "type": "custom"
                },
                {
                    "url": "https://github.com/fabpot",
                    "type": "github"
                },
                {
                    "url": "https://tidelift.com/funding/github/packagist/symfony/symfony",
                    "type": "tidelift"
                }
            ],
            "time": "2021-07-12T14:48:14+00:00"
        },
        {
            "name": "web-token/jwt-core",
            "version": "v2.2.11",
            "source": {
                "type": "git",
                "url": "https://github.com/web-token/jwt-core.git",
                "reference": "53beb6f6c1eec4fa93c1c3e5d9e5701e71fa1678"
            },
            "dist": {
                "type": "zip",
                "url": "https://api.github.com/repos/web-token/jwt-core/zipball/53beb6f6c1eec4fa93c1c3e5d9e5701e71fa1678",
                "reference": "53beb6f6c1eec4fa93c1c3e5d9e5701e71fa1678",
                "shasum": ""
            },
            "require": {
                "brick/math": "^0.8.17|^0.9",
                "ext-json": "*",
                "ext-mbstring": "*",
                "fgrosse/phpasn1": "^2.0",
                "php": ">=7.2",
                "spomky-labs/base64url": "^1.0|^2.0"
            },
            "conflict": {
                "spomky-labs/jose": "*"
            },
            "type": "library",
            "autoload": {
                "psr-4": {
                    "Jose\\Component\\Core\\": ""
                }
            },
            "notification-url": "https://packagist.org/downloads/",
            "license": [
                "MIT"
            ],
            "authors": [
                {
                    "name": "Florent Morselli",
                    "homepage": "https://github.com/Spomky"
                },
                {
                    "name": "All contributors",
                    "homepage": "https://github.com/web-token/jwt-framework/contributors"
                }
            ],
            "description": "Core component of the JWT Framework.",
            "homepage": "https://github.com/web-token",
            "keywords": [
                "JOSE",
                "JWE",
                "JWK",
                "JWKSet",
                "JWS",
                "Jot",
                "RFC7515",
                "RFC7516",
                "RFC7517",
                "RFC7518",
                "RFC7519",
                "RFC7520",
                "bundle",
                "jwa",
                "jwt",
                "symfony"
            ],
            "support": {
                "source": "https://github.com/web-token/jwt-core/tree/v2.2.11"
            },
            "funding": [
                {
                    "url": "https://www.patreon.com/FlorentMorselli",
                    "type": "patreon"
                }
            ],
            "time": "2021-03-17T14:55:52+00:00"
        },
        {
            "name": "web-token/jwt-key-mgmt",
            "version": "v2.2.11",
            "source": {
                "type": "git",
                "url": "https://github.com/web-token/jwt-key-mgmt.git",
                "reference": "0b116379515700d237b4e5de86879078ccb09d8a"
            },
            "dist": {
                "type": "zip",
                "url": "https://api.github.com/repos/web-token/jwt-key-mgmt/zipball/0b116379515700d237b4e5de86879078ccb09d8a",
                "reference": "0b116379515700d237b4e5de86879078ccb09d8a",
                "shasum": ""
            },
            "require": {
                "ext-openssl": "*",
                "psr/http-client": "^1.0",
                "psr/http-factory": "^1.0",
                "web-token/jwt-core": "^2.0"
            },
            "suggest": {
                "ext-sodium": "Sodium is required for OKP key creation, EdDSA signature algorithm and ECDH-ES key encryption with OKP keys",
                "php-http/httplug": "To enable JKU/X5U support.",
                "php-http/message-factory": "To enable JKU/X5U support.",
                "web-token/jwt-util-ecc": "To use EC key analyzers."
            },
            "type": "library",
            "autoload": {
                "psr-4": {
                    "Jose\\Component\\KeyManagement\\": ""
                }
            },
            "notification-url": "https://packagist.org/downloads/",
            "license": [
                "MIT"
            ],
            "authors": [
                {
                    "name": "Florent Morselli",
                    "homepage": "https://github.com/Spomky"
                },
                {
                    "name": "All contributors",
                    "homepage": "https://github.com/web-token/jwt-key-mgmt/contributors"
                }
            ],
            "description": "Key Management component of the JWT Framework.",
            "homepage": "https://github.com/web-token",
            "keywords": [
                "JOSE",
                "JWE",
                "JWK",
                "JWKSet",
                "JWS",
                "Jot",
                "RFC7515",
                "RFC7516",
                "RFC7517",
                "RFC7518",
                "RFC7519",
                "RFC7520",
                "bundle",
                "jwa",
                "jwt",
                "symfony"
            ],
            "support": {
                "source": "https://github.com/web-token/jwt-key-mgmt/tree/v2.2.11"
            },
            "funding": [
                {
                    "url": "https://www.patreon.com/FlorentMorselli",
                    "type": "patreon"
                }
            ],
            "time": "2021-03-17T14:55:52+00:00"
        },
        {
            "name": "web-token/jwt-signature",
            "version": "v2.2.11",
            "source": {
                "type": "git",
                "url": "https://github.com/web-token/jwt-signature.git",
                "reference": "015b59aaf3b6e8fb9f5bd1338845b7464c7d8103"
            },
            "dist": {
                "type": "zip",
                "url": "https://api.github.com/repos/web-token/jwt-signature/zipball/015b59aaf3b6e8fb9f5bd1338845b7464c7d8103",
                "reference": "015b59aaf3b6e8fb9f5bd1338845b7464c7d8103",
                "shasum": ""
            },
            "require": {
                "web-token/jwt-core": "^2.1"
            },
            "suggest": {
                "web-token/jwt-signature-algorithm-ecdsa": "ECDSA Based Signature Algorithms",
                "web-token/jwt-signature-algorithm-eddsa": "EdDSA Based Signature Algorithms",
                "web-token/jwt-signature-algorithm-experimental": "Experimental Signature Algorithms",
                "web-token/jwt-signature-algorithm-hmac": "HMAC Based Signature Algorithms",
                "web-token/jwt-signature-algorithm-none": "None Signature Algorithm",
                "web-token/jwt-signature-algorithm-rsa": "RSA Based Signature Algorithms"
            },
            "type": "library",
            "autoload": {
                "psr-4": {
                    "Jose\\Component\\Signature\\": ""
                }
            },
            "notification-url": "https://packagist.org/downloads/",
            "license": [
                "MIT"
            ],
            "authors": [
                {
                    "name": "Florent Morselli",
                    "homepage": "https://github.com/Spomky"
                },
                {
                    "name": "All contributors",
                    "homepage": "https://github.com/web-token/jwt-signature/contributors"
                }
            ],
            "description": "Signature component of the JWT Framework.",
            "homepage": "https://github.com/web-token",
            "keywords": [
                "JOSE",
                "JWE",
                "JWK",
                "JWKSet",
                "JWS",
                "Jot",
                "RFC7515",
                "RFC7516",
                "RFC7517",
                "RFC7518",
                "RFC7519",
                "RFC7520",
                "bundle",
                "jwa",
                "jwt",
                "symfony"
            ],
            "support": {
                "source": "https://github.com/web-token/jwt-signature/tree/v2.2.11"
            },
            "funding": [
                {
                    "url": "https://www.patreon.com/FlorentMorselli",
                    "type": "patreon"
                }
            ],
            "time": "2021-03-01T19:55:28+00:00"
        },
        {
            "name": "web-token/jwt-signature-algorithm-ecdsa",
            "version": "v2.2.11",
            "source": {
                "type": "git",
                "url": "https://github.com/web-token/jwt-signature-algorithm-ecdsa.git",
                "reference": "44cbbb4374c51f1cf48b82ae761efbf24e1a8591"
            },
            "dist": {
                "type": "zip",
                "url": "https://api.github.com/repos/web-token/jwt-signature-algorithm-ecdsa/zipball/44cbbb4374c51f1cf48b82ae761efbf24e1a8591",
                "reference": "44cbbb4374c51f1cf48b82ae761efbf24e1a8591",
                "shasum": ""
            },
            "require": {
                "ext-openssl": "*",
                "web-token/jwt-signature": "^2.0"
            },
            "type": "library",
            "autoload": {
                "psr-4": {
                    "Jose\\Component\\Signature\\Algorithm\\": ""
                }
            },
            "notification-url": "https://packagist.org/downloads/",
            "license": [
                "MIT"
            ],
            "authors": [
                {
                    "name": "Florent Morselli",
                    "homepage": "https://github.com/Spomky"
                },
                {
                    "name": "All contributors",
                    "homepage": "https://github.com/web-token/jwt-framework/contributors"
                }
            ],
            "description": "ECDSA Based Signature Algorithms the JWT Framework.",
            "homepage": "https://github.com/web-token",
            "keywords": [
                "JOSE",
                "JWE",
                "JWK",
                "JWKSet",
                "JWS",
                "Jot",
                "RFC7515",
                "RFC7516",
                "RFC7517",
                "RFC7518",
                "RFC7519",
                "RFC7520",
                "bundle",
                "jwa",
                "jwt",
                "symfony"
            ],
            "support": {
                "source": "https://github.com/web-token/jwt-signature-algorithm-ecdsa/tree/v2.2.11"
            },
            "funding": [
                {
                    "url": "https://www.patreon.com/FlorentMorselli",
                    "type": "patreon"
                }
            ],
            "time": "2021-01-21T19:18:03+00:00"
        },
        {
            "name": "web-token/jwt-util-ecc",
            "version": "v2.2.11",
            "source": {
                "type": "git",
                "url": "https://github.com/web-token/jwt-util-ecc.git",
                "reference": "915f3fde86f5236c205620d61177b9ef43863deb"
            },
            "dist": {
                "type": "zip",
                "url": "https://api.github.com/repos/web-token/jwt-util-ecc/zipball/915f3fde86f5236c205620d61177b9ef43863deb",
                "reference": "915f3fde86f5236c205620d61177b9ef43863deb",
                "shasum": ""
            },
            "require": {
                "brick/math": "^0.8.17|^0.9"
            },
            "suggest": {
                "ext-bcmath": "GMP or BCMath is highly recommended to improve the library performance",
                "ext-gmp": "GMP or BCMath is highly recommended to improve the library performance"
            },
            "type": "library",
            "autoload": {
                "psr-4": {
                    "Jose\\Component\\Core\\Util\\Ecc\\": ""
                }
            },
            "notification-url": "https://packagist.org/downloads/",
            "license": [
                "MIT"
            ],
            "authors": [
                {
                    "name": "Florent Morselli",
                    "homepage": "https://github.com/Spomky"
                },
                {
                    "name": "All contributors",
                    "homepage": "https://github.com/web-token/jwt-framework/contributors"
                }
            ],
            "description": "ECC Tools for the JWT Framework.",
            "homepage": "https://github.com/web-token",
            "keywords": [
                "JOSE",
                "JWE",
                "JWK",
                "JWKSet",
                "JWS",
                "Jot",
                "RFC7515",
                "RFC7516",
                "RFC7517",
                "RFC7518",
                "RFC7519",
                "RFC7520",
                "bundle",
                "jwa",
                "jwt",
                "symfony"
            ],
            "support": {
                "source": "https://github.com/web-token/jwt-util-ecc/tree/v2.2.11"
            },
            "funding": [
                {
                    "url": "https://www.patreon.com/FlorentMorselli",
                    "type": "patreon"
                }
            ],
            "time": "2021-03-24T13:35:17+00:00"
        }
    ],
    "packages-dev": [],
    "aliases": [],
    "minimum-stability": "stable",
    "stability-flags": [],
    "prefer-stable": false,
    "prefer-lowest": false,
    "platform": {
        "php": "^7.2"
    },
    "platform-dev": [],
    "plugin-api-version": "2.2.0"
}
