{
  "_readme": [
    "This file locks the dependencies of your project to a known state",
    "Read more about it at https://getcomposer.org/doc/01-basic-usage.md#installing-dependencies",
    "This file is @generated automatically"
  ],
  "content-hash": "e2d65453bdd41bd7640e6957ee649407",
  "packages": [
    {
      "name": "fgrosse/phpasn1",
      "version": "2.1.x-dev",
      "source": {
        "type": "git",
        "url": "https://github.com/fgrosse/PHPASN1.git",
        "reference": "734e1a94dfb292199f4f285be99a5645ea66fb58"
      },
      "dist": {
        "type": "zip",
        "url": "https://api.github.com/repos/fgrosse/PHPASN1/zipball/734e1a94dfb292199f4f285be99a5645ea66fb58",
        "reference": "734e1a94dfb292199f4f285be99a5645ea66fb58",
        "shasum": ""
      },
      "require": {
        "php": ">=7.0.0"
      },
      "require-dev": {
        "phpunit/phpunit": "~6.3",
        "satooshi/php-coveralls": "~2.0"
      },
      "suggest": {
        "ext-gmp": "GMP is the preferred extension for big integer calculations",
        "php-curl": "For loading OID information from the web if they have not bee defined statically"
      },
      "type": "library",
      "extra": {
        "branch-alias": {
          "dev-master": "2.0.x-dev"
        }
      },
      "autoload": {
        "psr-4": {
          "FG\\": "lib/"
        }
      },
      "notification-url": "https://packagist.org/downloads/",
      "license": [
        "MIT"
      ],
      "authors": [
        {
          "name": "Friedrich Große",
          "email": "friedrich.grosse@gmail.com",
          "homepage": "https://github.com/FGrosse",
          "role": "Author"
        },
        {
          "name": "All contributors",
          "homepage": "https://github.com/FGrosse/PHPASN1/contributors"
        }
      ],
      "description": "A PHP Framework that allows you to encode and decode arbitrary ASN.1 structures using the ITU-T X.690 Encoding Rules.",
      "homepage": "https://github.com/FGrosse/PHPASN1",
      "keywords": [
        "DER",
        "asn.1",
        "asn1",
        "ber",
        "binary",
        "decoding",
        "encoding",
        "x.509",
        "x.690",
        "x509",
        "x690"
      ],
      "time": "2018-03-31T08:32:19+00:00"
    },
    {
      "name": "guzzlehttp/guzzle",
      "version": "6.5.x-dev",
      "source": {
        "type": "git",
        "url": "https://github.com/guzzle/guzzle.git",
        "reference": "e8ed4dbf49b260ff129ff0e0400718c3269971bf"
      },
      "dist": {
        "type": "zip",
        "url": "https://api.github.com/repos/guzzle/guzzle/zipball/e8ed4dbf49b260ff129ff0e0400718c3269971bf",
        "reference": "e8ed4dbf49b260ff129ff0e0400718c3269971bf",
        "shasum": ""
      },
      "require": {
        "ext-json": "*",
        "guzzlehttp/promises": "^1.0",
        "guzzlehttp/psr7": "^1.6.1",
        "php": ">=5.5",
        "symfony/polyfill-intl-idn": "^1.17.0"
      },
      "require-dev": {
        "ext-curl": "*",
        "phpunit/phpunit": "^4.8.35 || ^5.7 || ^6.4 || ^7.0",
        "psr/log": "^1.1"
      },
      "suggest": {
        "psr/log": "Required for using the Log middleware"
      },
      "type": "library",
      "extra": {
        "branch-alias": {
          "dev-master": "6.5-dev"
        }
      },
      "autoload": {
        "psr-4": {
          "GuzzleHttp\\": "src/"
        },
        "files": [
          "src/functions_include.php"
        ]
      },
      "notification-url": "https://packagist.org/downloads/",
      "license": [
        "MIT"
      ],
      "authors": [
        {
          "name": "Michael Dowling",
          "email": "mtdowling@gmail.com",
          "homepage": "https://github.com/mtdowling"
        }
      ],
      "description": "Guzzle is a PHP HTTP client library",
      "homepage": "http://guzzlephp.org/",
      "keywords": [
        "client",
        "curl",
        "framework",
        "http",
        "http client",
        "rest",
        "web service"
      ],
      "funding": [
        {
          "url": "https://github.com/GrahamCampbell",
          "type": "github"
        },
        {
          "url": "https://github.com/Nyholm",
          "type": "github"
        },
        {
          "url": "https://github.com/alexeyshockov",
          "type": "github"
        },
        {
          "url": "https://github.com/gmponos",
          "type": "github"
        },
        {
          "url": "https://github.com/sagikazarmark",
          "type": "github"
        }
      ],
      "time": "2020-07-02T06:52:04+00:00"
    },
    {
      "name": "guzzlehttp/promises",
      "version": "dev-master",
      "source": {
        "type": "git",
        "url": "https://github.com/guzzle/promises.git",
        "reference": "bbf3b200bc83c1e9298580a9f99b9be248543467"
      },
      "dist": {
        "type": "zip",
        "url": "https://api.github.com/repos/guzzle/promises/zipball/bbf3b200bc83c1e9298580a9f99b9be248543467",
        "reference": "bbf3b200bc83c1e9298580a9f99b9be248543467",
        "shasum": ""
      },
      "require": {
        "php": ">=5.5"
      },
      "require-dev": {
        "phpunit/phpunit": "^4.8.36 || ^5.7.27 || ^7.5"
      },
      "type": "library",
      "extra": {
        "branch-alias": {
          "dev-master": "1.3-dev"
        }
      },
      "autoload": {
        "psr-4": {
          "GuzzleHttp\\Promise\\": "src/"
        },
        "files": [
          "src/functions_include.php"
        ]
      },
      "notification-url": "https://packagist.org/downloads/",
      "license": [
        "MIT"
      ],
      "authors": [
        {
          "name": "Michael Dowling",
          "email": "mtdowling@gmail.com",
          "homepage": "https://github.com/mtdowling"
        }
      ],
      "description": "Guzzle promises library",
      "keywords": [
        "promise"
      ],
      "time": "2020-06-21T23:10:57+00:00"
    },
    {
      "name": "guzzlehttp/psr7",
      "version": "1.x-dev",
      "source": {
        "type": "git",
        "url": "https://github.com/guzzle/psr7.git",
        "reference": "188cc82398f157483976ccf61bd04ee80afcf29c"
      },
      "dist": {
        "type": "zip",
        "url": "https://api.github.com/repos/guzzle/psr7/zipball/188cc82398f157483976ccf61bd04ee80afcf29c",
        "reference": "188cc82398f157483976ccf61bd04ee80afcf29c",
        "shasum": ""
      },
      "require": {
        "php": ">=5.4.0",
        "psr/http-message": "~1.0",
        "ralouphie/getallheaders": "^2.0.5 || ^3.0.0"
      },
      "provide": {
        "psr/http-message-implementation": "1.0"
      },
      "require-dev": {
        "ext-zlib": "*",
        "phpunit/phpunit": "~4.8.36 || ^5.7.27 || ^6.5.8"
      },
      "suggest": {
        "laminas/laminas-httphandlerrunner": "Emit PSR-7 responses"
      },
      "type": "library",
      "extra": {
        "branch-alias": {
          "dev-master": "1.6-dev"
        }
      },
      "autoload": {
        "psr-4": {
          "GuzzleHttp\\Psr7\\": "src/"
        },
        "files": [
          "src/functions_include.php"
        ]
      },
      "notification-url": "https://packagist.org/downloads/",
      "license": [
        "MIT"
      ],
      "authors": [
        {
          "name": "Michael Dowling",
          "email": "mtdowling@gmail.com",
          "homepage": "https://github.com/mtdowling"
        },
        {
          "name": "Tobias Schultze",
          "homepage": "https://github.com/Tobion"
        }
      ],
      "description": "PSR-7 message implementation that also provides common utility methods",
      "keywords": [
        "http",
        "message",
        "psr-7",
        "request",
        "response",
        "stream",
        "uri",
        "url"
      ],
      "time": "2020-05-17T20:05:25+00:00"
    },
    {
      "name": "minishlink/web-push",
      "version": "dev-master",
      "source": {
        "type": "git",
        "url": "https://github.com/web-push-libs/web-push-php.git",
        "reference": "5c2d2a5003e338c1ef23604204a9bcaa9d944a24"
      },
      "dist": {
        "type": "zip",
        "url": "https://api.github.com/repos/web-push-libs/web-push-php/zipball/5c2d2a5003e338c1ef23604204a9bcaa9d944a24",
        "reference": "5c2d2a5003e338c1ef23604204a9bcaa9d944a24",
        "shasum": ""
      },
      "require": {
        "ext-gmp": "*",
        "ext-json": "*",
        "guzzlehttp/guzzle": "^6.2",
        "lib-openssl": "*",
        "php": "^7.1",
        "web-token/jwt-key-mgmt": "^1.0",
        "web-token/jwt-signature": "^1.0"
      },
      "require-dev": {
        "friendsofphp/php-cs-fixer": "^2.14",
        "phpstan/phpstan": "0.11.2",
        "phpunit/phpunit": "^7.0"
      },
      "type": "library",
      "autoload": {
        "psr-4": {
          "Minishlink\\WebPush\\": "src"
        }
      },
      "notification-url": "https://packagist.org/downloads/",
      "license": [
        "MIT"
      ],
      "authors": [
        {
          "name": "Louis Lagrange",
          "email": "lagrange.louis@gmail.com",
          "homepage": "https://github.com/Minishlink"
        }
      ],
      "description": "Web Push library for PHP",
      "homepage": "https://github.com/web-push-libs/web-push-php",
      "keywords": [
        "Push API",
        "WebPush",
        "notifications",
        "push",
        "web"
      ],
      "time": "2018-05-13T14:59:18+00:00"
    },
    {
      "name": "paragonie/random_compat",
      "version": "v9.99.99.x-dev",
      "source": {
        "type": "git",
        "url": "https://github.com/paragonie/random_compat.git",
        "reference": "0947f25b883d4172df340a0d95f1b7cdabc5368a"
      },
      "dist": {
        "type": "zip",
        "url": "https://api.github.com/repos/paragonie/random_compat/zipball/0947f25b883d4172df340a0d95f1b7cdabc5368a",
        "reference": "0947f25b883d4172df340a0d95f1b7cdabc5368a",
        "shasum": ""
      },
      "require": {
        "php": "^7"
      },
      "require-dev": {
        "phpunit/phpunit": "4.*|5.*",
        "vimeo/psalm": "^1"
      },
      "type": "library",
      "notification-url": "https://packagist.org/downloads/",
      "license": [
        "MIT"
      ],
      "authors": [
        {
          "name": "Paragon Initiative Enterprises",
          "email": "security@paragonie.com",
          "homepage": "https://paragonie.com"
        }
      ],
      "description": "PHP 5.x polyfill for random_bytes() and random_int() from PHP 7",
      "keywords": [
        "csprng",
        "polyfill",
        "pseudorandom",
        "random"
      ],
      "time": "2018-08-07T13:07:48+00:00"
    },
    {
      "name": "paragonie/sodium_compat",
      "version": "v1.13.0",
      "source": {
        "type": "git",
        "url": "https://github.com/paragonie/sodium_compat.git",
        "reference": "bbade402cbe84c69b718120911506a3aa2bae653"
      },
      "dist": {
        "type": "zip",
        "url": "https://api.github.com/repos/paragonie/sodium_compat/zipball/bbade402cbe84c69b718120911506a3aa2bae653",
        "reference": "bbade402cbe84c69b718120911506a3aa2bae653",
        "shasum": ""
      },
      "require": {
        "paragonie/random_compat": ">=1",
        "php": "^5.2.4|^5.3|^5.4|^5.5|^5.6|^7|^8"
      },
      "require-dev": {
        "phpunit/phpunit": "^3|^4|^5|^6|^7"
      },
      "suggest": {
        "ext-libsodium": "PHP < 7.0: Better performance, password hashing (Argon2i), secure memory management (memzero), and better security.",
        "ext-sodium": "PHP >= 7.0: Better performance, password hashing (Argon2i), secure memory management (memzero), and better security."
      },
      "type": "library",
      "autoload": {
        "files": [
          "autoload.php"
        ]
      },
      "notification-url": "https://packagist.org/downloads/",
      "license": [
        "ISC"
      ],
      "authors": [
        {
          "name": "Paragon Initiative Enterprises",
          "email": "security@paragonie.com"
        },
        {
          "name": "Frank Denis",
          "email": "jedisct1@pureftpd.org"
        }
      ],
      "description": "Pure PHP implementation of libsodium; uses the PHP extension if it exists",
      "keywords": [
        "Authentication",
        "BLAKE2b",
        "ChaCha20",
        "ChaCha20-Poly1305",
        "Chapoly",
        "Curve25519",
        "Ed25519",
        "EdDSA",
        "Edwards-curve Digital Signature Algorithm",
        "Elliptic Curve Diffie-Hellman",
        "Poly1305",
        "Pure-PHP cryptography",
        "RFC 7748",
        "RFC 8032",
        "Salpoly",
        "Salsa20",
        "X25519",
        "XChaCha20-Poly1305",
        "XSalsa20-Poly1305",
        "Xchacha20",
        "Xsalsa20",
        "aead",
        "cryptography",
        "ecdh",
        "elliptic curve",
        "elliptic curve cryptography",
        "encryption",
        "libsodium",
        "php",
        "public-key cryptography",
        "secret-key cryptography",
        "side-channel resistant"
      ],
      "time": "2020-03-20T21:48:09+00:00"
    },
    {
      "name": "php-imap/php-imap",
      "version": "dev-master",
      "source": {
        "type": "git",
        "url": "https://github.com/barbushin/php-imap.git",
        "reference": "7ca3d19451bfe6de47186b52f4b266179a5858b9"
      },
      "dist": {
        "type": "zip",
        "url": "https://api.github.com/repos/barbushin/php-imap/zipball/7ca3d19451bfe6de47186b52f4b266179a5858b9",
        "reference": "7ca3d19451bfe6de47186b52f4b266179a5858b9",
        "shasum": ""
      },
      "require": {
        "ext-fileinfo": "*",
        "ext-iconv": "*",
        "ext-imap": "*",
        "ext-mbstring": "*",
        "php": "^7.2"
      },
      "require-dev": {
        "friendsofphp/php-cs-fixer": "^2.16",
        "jakub-onderka/php-parallel-lint": "^1.0",
        "maglnet/composer-require-checker": "^2.0",
        "paragonie/hidden-string": "^1.0",
        "phpunit/phpunit": "^8.5",
        "povils/phpmnd": "^2.2",
        "psalm/plugin-phpunit": "^0.10.0",
        "roave/security-advisories": "dev-master",
        "sebastian/phpcpd": "^4.1",
        "vimeo/psalm": "^3.11.5"
      },
      "suggest": {
        "ext-fileinfo": "To facilitate IncomingMailAttachment::getFileInfo() auto-detection"
      },
      "type": "library",
      "autoload": {
        "psr-4": {
          "PhpImap\\": "src/PhpImap"
        }
      },
      "notification-url": "https://packagist.org/downloads/",
      "license": [
        "MIT"
      ],
      "authors": [
        {
          "name": "Sergey Barbushin",
          "email": "barbushin@gmail.com",
          "homepage": "http://linkedin.com/in/barbushin"
        }
      ],
      "description": "Manage mailboxes, filter/get/delete emails in PHP (supports IMAP/POP3/NNTP)",
      "homepage": "https://github.com/barbushin/php-imap",
      "keywords": [
        "imap",
        "mail",
        "mailbox",
        "php",
        "pop3",
        "receive emails"
      ],
      "time": "2020-06-14T20:18:24+00:00"
    },
    {
      "name": "psr/http-message",
      "version": "dev-master",
      "source": {
        "type": "git",
        "url": "https://github.com/php-fig/http-message.git",
        "reference": "efd67d1dc14a7ef4fc4e518e7dee91c271d524e4"
      },
      "dist": {
        "type": "zip",
        "url": "https://api.github.com/repos/php-fig/http-message/zipball/efd67d1dc14a7ef4fc4e518e7dee91c271d524e4",
        "reference": "efd67d1dc14a7ef4fc4e518e7dee91c271d524e4",
        "shasum": ""
      },
      "require": {
        "php": ">=5.3.0"
      },
      "type": "library",
      "extra": {
        "branch-alias": {
          "dev-master": "1.0.x-dev"
        }
      },
      "autoload": {
        "psr-4": {
          "Psr\\Http\\Message\\": "src/"
        }
      },
      "notification-url": "https://packagist.org/downloads/",
      "license": [
        "MIT"
      ],
      "authors": [
        {
          "name": "PHP-FIG",
          "homepage": "http://www.php-fig.org/"
        }
      ],
      "description": "Common interface for HTTP messages",
      "homepage": "https://github.com/php-fig/http-message",
      "keywords": [
        "http",
        "http-message",
        "psr",
        "psr-7",
        "request",
        "response"
      ],
      "time": "2019-08-29T13:16:46+00:00"
    },
    {
      "name": "ralouphie/getallheaders",
      "version": "3.0.3",
      "source": {
        "type": "git",
        "url": "https://github.com/ralouphie/getallheaders.git",
        "reference": "120b605dfeb996808c31b6477290a714d356e822"
      },
      "dist": {
        "type": "zip",
        "url": "https://api.github.com/repos/ralouphie/getallheaders/zipball/120b605dfeb996808c31b6477290a714d356e822",
        "reference": "120b605dfeb996808c31b6477290a714d356e822",
        "shasum": ""
      },
      "require": {
        "php": ">=5.6"
      },
      "require-dev": {
        "php-coveralls/php-coveralls": "^2.1",
        "phpunit/phpunit": "^5 || ^6.5"
      },
      "type": "library",
      "autoload": {
        "files": [
          "src/getallheaders.php"
        ]
      },
      "notification-url": "https://packagist.org/downloads/",
      "license": [
        "MIT"
      ],
      "authors": [
        {
          "name": "Ralph Khattar",
          "email": "ralph.khattar@gmail.com"
        }
      ],
      "description": "A polyfill for getallheaders.",
      "time": "2019-03-08T08:55:37+00:00"
    },
    {
      "name": "spomky-labs/base64url",
      "version": "v2.x-dev",
      "source": {
        "type": "git",
        "url": "https://github.com/Spomky-Labs/base64url.git",
        "reference": "a5eaf0352b89abdd93f7fb4668dd4dbfe8831f6d"
      },
      "dist": {
        "type": "zip",
        "url": "https://api.github.com/repos/Spomky-Labs/base64url/zipball/a5eaf0352b89abdd93f7fb4668dd4dbfe8831f6d",
        "reference": "a5eaf0352b89abdd93f7fb4668dd4dbfe8831f6d",
        "shasum": ""
      },
      "require": {
        "php": "^7.1|^8.0"
      },
      "require-dev": {
        "php-coveralls/php-coveralls": "^2.0",
        "phpstan/phpstan": "^0.11",
        "phpstan/phpstan-beberlei-assert": "^0.11.0",
        "phpstan/phpstan-deprecation-rules": "^0.11",
        "phpstan/phpstan-phpunit": "^0.11",
        "phpstan/phpstan-strict-rules": "^0.11",
        "phpunit/phpunit": "^7.0|^8.0"
      },
      "type": "library",
      "extra": {
        "branch-alias": {
          "dev-master": "2.0.x-dev"
        }
      },
      "autoload": {
        "psr-4": {
          "Base64Url\\": "src/"
        }
      },
      "notification-url": "https://packagist.org/downloads/",
      "license": [
        "MIT"
      ],
      "authors": [
        {
          "name": "Florent Morselli",
          "homepage": "https://github.com/Spomky-Labs/base64url/contributors"
        }
      ],
      "description": "Base 64 URL Safe Encoding/Decoding PHP Library",
      "homepage": "https://github.com/Spomky-Labs/base64url",
      "keywords": [
        "base64",
        "rfc4648",
        "safe",
        "url"
      ],
      "time": "2019-04-18T11:52:47+00:00"
    },
    {
      "name": "symfony/polyfill-intl-idn",
      "version": "dev-master",
      "source": {
        "type": "git",
        "url": "https://github.com/symfony/polyfill-intl-idn.git",
        "reference": "bc6549d068d0160e0f10f7a5a23c7d1406b95ebe"
      },
      "dist": {
        "type": "zip",
        "url": "https://api.github.com/repos/symfony/polyfill-intl-idn/zipball/bc6549d068d0160e0f10f7a5a23c7d1406b95ebe",
        "reference": "bc6549d068d0160e0f10f7a5a23c7d1406b95ebe",
        "shasum": ""
      },
      "require": {
        "php": ">=5.3.3",
        "symfony/polyfill-intl-normalizer": "^1.10",
        "symfony/polyfill-php70": "^1.10",
        "symfony/polyfill-php72": "^1.10"
      },
      "suggest": {
        "ext-intl": "For best performance"
      },
      "type": "library",
      "extra": {
        "branch-alias": {
          "dev-master": "1.18-dev"
        },
        "thanks": {
          "name": "symfony/polyfill",
          "url": "https://github.com/symfony/polyfill"
        }
      },
      "autoload": {
        "psr-4": {
          "Symfony\\Polyfill\\Intl\\Idn\\": ""
        },
        "files": [
          "bootstrap.php"
        ]
      },
      "notification-url": "https://packagist.org/downloads/",
      "license": [
        "MIT"
      ],
      "authors": [
        {
          "name": "Laurent Bassin",
          "email": "laurent@bassin.info"
        },
        {
          "name": "Trevor Rowbotham",
          "email": "trevor.rowbotham@pm.me"
        },
        {
          "name": "Symfony Community",
          "homepage": "https://symfony.com/contributors"
        }
      ],
      "description": "Symfony polyfill for intl's idn_to_ascii and idn_to_utf8 functions",
      "homepage": "https://symfony.com",
      "keywords": [
        "compatibility",
        "idn",
        "intl",
        "polyfill",
        "portable",
        "shim"
      ],
      "funding": [
        {
          "url": "https://symfony.com/sponsor",
          "type": "custom"
        },
        {
          "url": "https://github.com/fabpot",
          "type": "github"
        },
        {
          "url": "https://tidelift.com/funding/github/packagist/symfony/symfony",
          "type": "tidelift"
        }
      ],
      "time": "2020-07-14T12:35:20+00:00"
    },
    {
      "name": "symfony/polyfill-intl-normalizer",
      "version": "dev-master",
      "source": {
        "type": "git",
        "url": "https://github.com/symfony/polyfill-intl-normalizer.git",
        "reference": "37078a8dd4a2a1e9ab0231af7c6cb671b2ed5a7e"
      },
      "dist": {
        "type": "zip",
        "url": "https://api.github.com/repos/symfony/polyfill-intl-normalizer/zipball/37078a8dd4a2a1e9ab0231af7c6cb671b2ed5a7e",
        "reference": "37078a8dd4a2a1e9ab0231af7c6cb671b2ed5a7e",
        "shasum": ""
      },
      "require": {
        "php": ">=5.3.3"
      },
      "suggest": {
        "ext-intl": "For best performance"
      },
      "type": "library",
      "extra": {
        "branch-alias": {
          "dev-master": "1.18-dev"
        },
        "thanks": {
          "name": "symfony/polyfill",
          "url": "https://github.com/symfony/polyfill"
        }
      },
      "autoload": {
        "psr-4": {
          "Symfony\\Polyfill\\Intl\\Normalizer\\": ""
        },
        "files": [
          "bootstrap.php"
        ],
        "classmap": [
          "Resources/stubs"
        ]
      },
      "notification-url": "https://packagist.org/downloads/",
      "license": [
        "MIT"
      ],
      "authors": [
        {
          "name": "Nicolas Grekas",
          "email": "p@tchwork.com"
        },
        {
          "name": "Symfony Community",
          "homepage": "https://symfony.com/contributors"
        }
      ],
      "description": "Symfony polyfill for intl's Normalizer class and related functions",
      "homepage": "https://symfony.com",
      "keywords": [
        "compatibility",
        "intl",
        "normalizer",
        "polyfill",
        "portable",
        "shim"
      ],
      "funding": [
        {
          "url": "https://symfony.com/sponsor",
          "type": "custom"
        },
        {
          "url": "https://github.com/fabpot",
          "type": "github"
        },
        {
          "url": "https://tidelift.com/funding/github/packagist/symfony/symfony",
          "type": "tidelift"
        }
      ],
      "time": "2020-07-14T12:35:20+00:00"
    },
    {
      "name": "symfony/polyfill-php70",
      "version": "dev-master",
      "source": {
        "type": "git",
        "url": "https://github.com/symfony/polyfill-php70.git",
        "reference": "0dd93f2c578bdc9c72697eaa5f1dd25644e618d3"
      },
      "dist": {
        "type": "zip",
        "url": "https://api.github.com/repos/symfony/polyfill-php70/zipball/0dd93f2c578bdc9c72697eaa5f1dd25644e618d3",
        "reference": "0dd93f2c578bdc9c72697eaa5f1dd25644e618d3",
        "shasum": ""
      },
      "require": {
        "paragonie/random_compat": "~1.0|~2.0|~9.99",
        "php": ">=5.3.3"
      },
      "type": "library",
      "extra": {
        "branch-alias": {
          "dev-master": "1.18-dev"
        },
        "thanks": {
          "name": "symfony/polyfill",
          "url": "https://github.com/symfony/polyfill"
        }
      },
      "autoload": {
        "psr-4": {
          "Symfony\\Polyfill\\Php70\\": ""
        },
        "files": [
          "bootstrap.php"
        ],
        "classmap": [
          "Resources/stubs"
        ]
      },
      "notification-url": "https://packagist.org/downloads/",
      "license": [
        "MIT"
      ],
      "authors": [
        {
          "name": "Nicolas Grekas",
          "email": "p@tchwork.com"
        },
        {
          "name": "Symfony Community",
          "homepage": "https://symfony.com/contributors"
        }
      ],
      "description": "Symfony polyfill backporting some PHP 7.0+ features to lower PHP versions",
      "homepage": "https://symfony.com",
      "keywords": [
        "compatibility",
        "polyfill",
        "portable",
        "shim"
      ],
      "funding": [
        {
          "url": "https://symfony.com/sponsor",
          "type": "custom"
        },
        {
          "url": "https://github.com/fabpot",
          "type": "github"
        },
        {
          "url": "https://tidelift.com/funding/github/packagist/symfony/symfony",
          "type": "tidelift"
        }
      ],
      "time": "2020-07-14T12:35:20+00:00"
    },
    {
      "name": "symfony/polyfill-php72",
      "version": "dev-master",
      "source": {
        "type": "git",
        "url": "https://github.com/symfony/polyfill-php72.git",
        "reference": "639447d008615574653fb3bc60d1986d7172eaae"
      },
      "dist": {
        "type": "zip",
        "url": "https://api.github.com/repos/symfony/polyfill-php72/zipball/639447d008615574653fb3bc60d1986d7172eaae",
        "reference": "639447d008615574653fb3bc60d1986d7172eaae",
        "shasum": ""
      },
      "require": {
        "php": ">=5.3.3"
      },
      "type": "library",
      "extra": {
        "branch-alias": {
          "dev-master": "1.18-dev"
        },
        "thanks": {
          "name": "symfony/polyfill",
          "url": "https://github.com/symfony/polyfill"
        }
      },
      "autoload": {
        "psr-4": {
          "Symfony\\Polyfill\\Php72\\": ""
        },
        "files": [
          "bootstrap.php"
        ]
      },
      "notification-url": "https://packagist.org/downloads/",
      "license": [
        "MIT"
      ],
      "authors": [
        {
          "name": "Nicolas Grekas",
          "email": "p@tchwork.com"
        },
        {
          "name": "Symfony Community",
          "homepage": "https://symfony.com/contributors"
        }
      ],
      "description": "Symfony polyfill backporting some PHP 7.2+ features to lower PHP versions",
      "homepage": "https://symfony.com",
      "keywords": [
        "compatibility",
        "polyfill",
        "portable",
        "shim"
      ],
      "funding": [
        {
          "url": "https://symfony.com/sponsor",
          "type": "custom"
        },
        {
          "url": "https://github.com/fabpot",
          "type": "github"
        },
        {
          "url": "https://tidelift.com/funding/github/packagist/symfony/symfony",
          "type": "tidelift"
        }
      ],
      "time": "2020-07-14T12:35:20+00:00"
    },
    {
      "name": "web-token/jwt-core",
      "version": "v1.3.x-dev",
      "source": {
        "type": "git",
        "url": "https://github.com/web-token/jwt-core.git",
        "reference": "30e9df9e040d933043b16237f9dba7a3be746566"
      },
      "dist": {
        "type": "zip",
        "url": "https://api.github.com/repos/web-token/jwt-core/zipball/30e9df9e040d933043b16237f9dba7a3be746566",
        "reference": "30e9df9e040d933043b16237f9dba7a3be746566",
        "shasum": ""
      },
      "require": {
        "ext-gmp": "*",
        "ext-mbstring": "*",
        "fgrosse/phpasn1": "^2.0",
        "php": "^7.1",
        "spomky-labs/base64url": "^1.0|^2.0",
        "web-token/jwt-util-ecc": "^1.3"
      },
      "conflict": {
        "spomky-labs/jose": "*"
      },
      "require-dev": {
        "phpunit/phpunit": "^6.0|^7.0"
      },
      "type": "library",
      "extra": {
        "branch-alias": {
          "dev-master": "1.3.x-dev"
        }
      },
      "autoload": {
        "psr-4": {
          "Jose\\Component\\Core\\": ""
        }
      },
      "notification-url": "https://packagist.org/downloads/",
      "license": [
        "MIT"
      ],
      "authors": [
        {
          "name": "Florent Morselli",
          "homepage": "https://github.com/Spomky"
        },
        {
          "name": "All contributors",
          "homepage": "https://github.com/web-token/jwt-core/contributors"
        }
      ],
      "description": "Core component of the JWT Framework.",
      "homepage": "https://github.com/web-token",
      "keywords": [
        "JOSE",
        "JWE",
        "JWK",
        "JWKSet",
        "JWS",
        "Jot",
        "RFC7515",
        "RFC7516",
        "RFC7517",
        "RFC7518",
        "RFC7519",
        "RFC7520",
        "bundle",
        "jwa",
        "jwt",
        "symfony"
      ],
      "funding": [
        {
          "url": "https://www.patreon.com/FlorentMorselli",
          "type": "patreon"
        }
      ],
      "time": "2020-03-20T13:29:04+00:00"
    },
    {
      "name": "web-token/jwt-key-mgmt",
      "version": "v1.3.x-dev",
      "source": {
        "type": "git",
        "url": "https://github.com/web-token/jwt-key-mgmt.git",
        "reference": "65b1e908e50b0e5be6b28135085d3c1097b81801"
      },
      "dist": {
        "type": "zip",
        "url": "https://api.github.com/repos/web-token/jwt-key-mgmt/zipball/65b1e908e50b0e5be6b28135085d3c1097b81801",
        "reference": "65b1e908e50b0e5be6b28135085d3c1097b81801",
        "shasum": ""
      },
      "require": {
        "lib-openssl": "*",
        "paragonie/sodium_compat": "^1.2",
        "web-token/jwt-core": "^1.3",
        "web-token/jwt-util-ecc": "^1.3"
      },
      "require-dev": {
        "php-http/httplug": "^1.1",
        "php-http/message-factory": "^1.0",
        "php-http/mock-client": "^1.0",
        "phpunit/phpunit": "^6.0|^7.0"
      },
      "suggest": {
        "php-http/httplug": "To enable JKU/X5U support.",
        "php-http/message-factory": "To enable JKU/X5U support."
      },
      "type": "library",
      "extra": {
        "branch-alias": {
          "dev-master": "1.3.x-dev"
        }
      },
      "autoload": {
        "psr-4": {
          "Jose\\Component\\KeyManagement\\": ""
        }
      },
      "notification-url": "https://packagist.org/downloads/",
      "license": [
        "MIT"
      ],
      "authors": [
        {
          "name": "Florent Morselli",
          "homepage": "https://github.com/Spomky"
        },
        {
          "name": "All contributors",
          "homepage": "https://github.com/web-token/jwt-key-mgmt/contributors"
        }
      ],
      "description": "Key Management component of the JWT Framework.",
      "homepage": "https://github.com/web-token",
      "keywords": [
        "JOSE",
        "JWE",
        "JWK",
        "JWKSet",
        "JWS",
        "Jot",
        "RFC7515",
        "RFC7516",
        "RFC7517",
        "RFC7518",
        "RFC7519",
        "RFC7520",
        "bundle",
        "jwa",
        "jwt",
        "symfony"
      ],
      "funding": [
        {
          "url": "https://www.patreon.com/FlorentMorselli",
          "type": "patreon"
        }
      ],
      "time": "2020-03-20T13:29:04+00:00"
    },
    {
      "name": "web-token/jwt-signature",
      "version": "v1.3.x-dev",
      "source": {
        "type": "git",
        "url": "https://github.com/web-token/jwt-signature.git",
        "reference": "00f23e997c9032536444f819bc3338ab475d69f9"
      },
      "dist": {
        "type": "zip",
        "url": "https://api.github.com/repos/web-token/jwt-signature/zipball/00f23e997c9032536444f819bc3338ab475d69f9",
        "reference": "00f23e997c9032536444f819bc3338ab475d69f9",
        "shasum": ""
      },
      "require": {
        "web-token/jwt-core": "^1.3",
        "web-token/jwt-signature-algorithm-ecdsa": "^1.3",
        "web-token/jwt-signature-algorithm-eddsa": "^1.3",
        "web-token/jwt-signature-algorithm-hmac": "^1.3",
        "web-token/jwt-signature-algorithm-none": "^1.3",
        "web-token/jwt-signature-algorithm-rsa": "^1.3"
      },
      "require-dev": {
        "phpunit/phpunit": "^6.0|^7.0"
      },
      "suggest": {
        "web-token/jwt-signature-algorithm-ecdsa": "ECDSA Based Signature Algorithms",
        "web-token/jwt-signature-algorithm-eddsa": "EdDSA Based Signature Algorithms",
        "web-token/jwt-signature-algorithm-experimental": "Experimental Signature Algorithms",
        "web-token/jwt-signature-algorithm-hmac": "HMAC Based Signature Algorithms",
        "web-token/jwt-signature-algorithm-none": "None Signature Algorithm",
        "web-token/jwt-signature-algorithm-rsa": "RSA Based Signature Algorithms"
      },
      "type": "library",
      "extra": {
        "branch-alias": {
          "dev-master": "1.3.x-dev"
        }
      },
      "autoload": {
        "psr-4": {
          "Jose\\Component\\Signature\\": ""
        }
      },
      "notification-url": "https://packagist.org/downloads/",
      "license": [
        "MIT"
      ],
      "authors": [
        {
          "name": "Florent Morselli",
          "homepage": "https://github.com/Spomky"
        },
        {
          "name": "All contributors",
          "homepage": "https://github.com/web-token/jwt-signature/contributors"
        }
      ],
      "description": "Signature component of the JWT Framework.",
      "homepage": "https://github.com/web-token",
      "keywords": [
        "JOSE",
        "JWE",
        "JWK",
        "JWKSet",
        "JWS",
        "Jot",
        "RFC7515",
        "RFC7516",
        "RFC7517",
        "RFC7518",
        "RFC7519",
        "RFC7520",
        "bundle",
        "jwa",
        "jwt",
        "symfony"
      ],
      "funding": [
        {
          "url": "https://www.patreon.com/FlorentMorselli",
          "type": "patreon"
        }
      ],
      "time": "2020-03-20T13:29:04+00:00"
    },
    {
      "name": "web-token/jwt-signature-algorithm-ecdsa",
      "version": "v1.3.x-dev",
      "source": {
        "type": "git",
        "url": "https://github.com/web-token/jwt-signature-algorithm-ecdsa.git",
        "reference": "a3babd3b82c29c739d426271ccb9dc1a56222e36"
      },
      "dist": {
        "type": "zip",
        "url": "https://api.github.com/repos/web-token/jwt-signature-algorithm-ecdsa/zipball/a3babd3b82c29c739d426271ccb9dc1a56222e36",
        "reference": "a3babd3b82c29c739d426271ccb9dc1a56222e36",
        "shasum": ""
      },
      "require": {
        "web-token/jwt-signature": "^1.3"
      },
      "require-dev": {
        "phpunit/phpunit": "^6.0|^7.0"
      },
      "type": "library",
      "extra": {
        "branch-alias": {
          "dev-master": "1.3.x-dev"
        }
      },
      "autoload": {
        "psr-4": {
          "Jose\\Component\\Signature\\Algorithm\\": ""
        }
      },
      "notification-url": "https://packagist.org/downloads/",
      "license": [
        "MIT"
      ],
      "authors": [
        {
          "name": "Florent Morselli",
          "homepage": "https://github.com/Spomky"
        },
        {
          "name": "All contributors",
          "homepage": "https://github.com/web-token/jwt-core/contributors"
        }
      ],
      "description": "ECDSA Based Signature Algorithms the JWT Framework.",
      "homepage": "https://github.com/web-token",
      "keywords": [
        "JOSE",
        "JWE",
        "JWK",
        "JWKSet",
        "JWS",
        "Jot",
        "RFC7515",
        "RFC7516",
        "RFC7517",
        "RFC7518",
        "RFC7519",
        "RFC7520",
        "bundle",
        "jwa",
        "jwt",
        "symfony"
      ],
      "funding": [
        {
          "url": "https://www.patreon.com/FlorentMorselli",
          "type": "patreon"
        }
      ],
      "time": "2020-03-20T13:29:04+00:00"
    },
    {
      "name": "web-token/jwt-signature-algorithm-eddsa",
      "version": "v1.3.x-dev",
      "source": {
        "type": "git",
        "url": "https://github.com/web-token/jwt-signature-algorithm-eddsa.git",
        "reference": "b0dad134313b14b3ba077b63a7afcc2b38e5f793"
      },
      "dist": {
        "type": "zip",
        "url": "https://api.github.com/repos/web-token/jwt-signature-algorithm-eddsa/zipball/b0dad134313b14b3ba077b63a7afcc2b38e5f793",
        "reference": "b0dad134313b14b3ba077b63a7afcc2b38e5f793",
        "shasum": ""
      },
      "require": {
        "web-token/jwt-signature": "^1.3"
      },
      "require-dev": {
        "phpunit/phpunit": "^6.0|^7.0"
      },
      "type": "library",
      "extra": {
        "branch-alias": {
          "dev-master": "1.3.x-dev"
        }
      },
      "autoload": {
        "psr-4": {
          "Jose\\Component\\Signature\\Algorithm\\": ""
        }
      },
      "notification-url": "https://packagist.org/downloads/",
      "license": [
        "MIT"
      ],
      "authors": [
        {
          "name": "Florent Morselli",
          "homepage": "https://github.com/Spomky"
        },
        {
          "name": "All contributors",
          "homepage": "https://github.com/web-token/jwt-core/contributors"
        }
      ],
      "description": "EdDSA Signature Algorithm the JWT Framework.",
      "homepage": "https://github.com/web-token",
      "keywords": [
        "JOSE",
        "JWE",
        "JWK",
        "JWKSet",
        "JWS",
        "Jot",
        "RFC7515",
        "RFC7516",
        "RFC7517",
        "RFC7518",
        "RFC7519",
        "RFC7520",
        "bundle",
        "jwa",
        "jwt",
        "symfony"
      ],
      "funding": [
        {
          "url": "https://www.patreon.com/FlorentMorselli",
          "type": "patreon"
        }
      ],
      "time": "2020-03-20T13:29:04+00:00"
    },
    {
      "name": "web-token/jwt-signature-algorithm-hmac",
      "version": "v1.3.x-dev",
      "source": {
        "type": "git",
        "url": "https://github.com/web-token/jwt-signature-algorithm-hmac.git",
        "reference": "3bc85e1d13804902a8d81a11f58c28c9a471b5e2"
      },
      "dist": {
        "type": "zip",
        "url": "https://api.github.com/repos/web-token/jwt-signature-algorithm-hmac/zipball/3bc85e1d13804902a8d81a11f58c28c9a471b5e2",
        "reference": "3bc85e1d13804902a8d81a11f58c28c9a471b5e2",
        "shasum": ""
      },
      "require": {
        "web-token/jwt-signature": "^1.3"
      },
      "require-dev": {
        "phpunit/phpunit": "^6.0|^7.0"
      },
      "type": "library",
      "extra": {
        "branch-alias": {
          "dev-master": "1.3.x-dev"
        }
      },
      "autoload": {
        "psr-4": {
          "Jose\\Component\\Signature\\Algorithm\\": ""
        }
      },
      "notification-url": "https://packagist.org/downloads/",
      "license": [
        "MIT"
      ],
      "authors": [
        {
          "name": "Florent Morselli",
          "homepage": "https://github.com/Spomky"
        },
        {
          "name": "All contributors",
          "homepage": "https://github.com/web-token/jwt-core/contributors"
        }
      ],
      "description": "HMAC Based Signature Algorithms the JWT Framework.",
      "homepage": "https://github.com/web-token",
      "keywords": [
        "JOSE",
        "JWE",
        "JWK",
        "JWKSet",
        "JWS",
        "Jot",
        "RFC7515",
        "RFC7516",
        "RFC7517",
        "RFC7518",
        "RFC7519",
        "RFC7520",
        "bundle",
        "jwa",
        "jwt",
        "symfony"
      ],
      "funding": [
        {
          "url": "https://www.patreon.com/FlorentMorselli",
          "type": "patreon"
        }
      ],
      "time": "2020-03-20T13:29:04+00:00"
    },
    {
      "name": "web-token/jwt-signature-algorithm-none",
      "version": "v1.3.x-dev",
      "source": {
        "type": "git",
        "url": "https://github.com/web-token/jwt-signature-algorithm-none.git",
        "reference": "0391e160367e85846736e63ea6026e2dab667b6e"
      },
      "dist": {
        "type": "zip",
        "url": "https://api.github.com/repos/web-token/jwt-signature-algorithm-none/zipball/0391e160367e85846736e63ea6026e2dab667b6e",
        "reference": "0391e160367e85846736e63ea6026e2dab667b6e",
        "shasum": ""
      },
      "require": {
        "web-token/jwt-signature": "^1.3"
      },
      "require-dev": {
        "phpunit/phpunit": "^6.0|^7.0"
      },
      "type": "library",
      "extra": {
        "branch-alias": {
          "dev-master": "1.3.x-dev"
        }
      },
      "autoload": {
        "psr-4": {
          "Jose\\Component\\Signature\\Algorithm\\": ""
        }
      },
      "notification-url": "https://packagist.org/downloads/",
      "license": [
        "MIT"
      ],
      "authors": [
        {
          "name": "Florent Morselli",
          "homepage": "https://github.com/Spomky"
        },
        {
          "name": "All contributors",
          "homepage": "https://github.com/web-token/jwt-core/contributors"
        }
      ],
      "description": "None Signature Algorithm the JWT Framework.",
      "homepage": "https://github.com/web-token",
      "keywords": [
        "JOSE",
        "JWE",
        "JWK",
        "JWKSet",
        "JWS",
        "Jot",
        "RFC7515",
        "RFC7516",
        "RFC7517",
        "RFC7518",
        "RFC7519",
        "RFC7520",
        "bundle",
        "jwa",
        "jwt",
        "symfony"
      ],
      "funding": [
        {
          "url": "https://www.patreon.com/FlorentMorselli",
          "type": "patreon"
        }
      ],
      "time": "2020-03-20T13:29:04+00:00"
    },
    {
      "name": "web-token/jwt-signature-algorithm-rsa",
      "version": "v1.3.x-dev",
      "source": {
        "type": "git",
        "url": "https://github.com/web-token/jwt-signature-algorithm-rsa.git",
        "reference": "344181ef6cdd3aca77f7ff7defc9fb502eb33ec0"
      },
      "dist": {
        "type": "zip",
        "url": "https://api.github.com/repos/web-token/jwt-signature-algorithm-rsa/zipball/344181ef6cdd3aca77f7ff7defc9fb502eb33ec0",
        "reference": "344181ef6cdd3aca77f7ff7defc9fb502eb33ec0",
        "shasum": ""
      },
      "require": {
        "web-token/jwt-signature": "^1.3"
      },
      "require-dev": {
        "phpunit/phpunit": "^6.0|^7.0"
      },
      "type": "library",
      "extra": {
        "branch-alias": {
          "dev-master": "1.3.x-dev"
        }
      },
      "autoload": {
        "psr-4": {
          "Jose\\Component\\Signature\\Algorithm\\": ""
        }
      },
      "notification-url": "https://packagist.org/downloads/",
      "license": [
        "MIT"
      ],
      "authors": [
        {
          "name": "Florent Morselli",
          "homepage": "https://github.com/Spomky"
        },
        {
          "name": "All contributors",
          "homepage": "https://github.com/web-token/jwt-core/contributors"
        }
      ],
      "description": "RSA Based Signature Algorithms the JWT Framework.",
      "homepage": "https://github.com/web-token",
      "keywords": [
        "JOSE",
        "JWE",
        "JWK",
        "JWKSet",
        "JWS",
        "Jot",
        "RFC7515",
        "RFC7516",
        "RFC7517",
        "RFC7518",
        "RFC7519",
        "RFC7520",
        "bundle",
        "jwa",
        "jwt",
        "symfony"
      ],
      "funding": [
        {
          "url": "https://www.patreon.com/FlorentMorselli",
          "type": "patreon"
        }
      ],
      "time": "2020-03-20T13:29:04+00:00"
    },
    {
      "name": "web-token/jwt-util-ecc",
      "version": "v1.3.x-dev",
      "source": {
        "type": "git",
        "url": "https://github.com/web-token/jwt-util-ecc.git",
        "reference": "2011af8454561ebce06a77fcd681c29a252e0068"
      },
      "dist": {
        "type": "zip",
        "url": "https://api.github.com/repos/web-token/jwt-util-ecc/zipball/2011af8454561ebce06a77fcd681c29a252e0068",
        "reference": "2011af8454561ebce06a77fcd681c29a252e0068",
        "shasum": ""
      },
      "require": {
        "ext-gmp": "*",
        "ext-mbstring": "*",
        "php": "^7.1"
      },
      "require-dev": {
        "phpunit/phpunit": "^6.0|^7.0"
      },
      "type": "library",
      "extra": {
        "branch-alias": {
          "dev-master": "1.3.x-dev"
        }
      },
      "autoload": {
        "psr-4": {
          "Jose\\Component\\Core\\Util\\Ecc\\": ""
        }
      },
      "notification-url": "https://packagist.org/downloads/",
      "license": [
        "MIT"
      ],
      "authors": [
        {
          "name": "Florent Morselli",
          "homepage": "https://github.com/Spomky"
        },
        {
          "name": "All contributors",
          "homepage": "https://github.com/web-token/jwt-core/contributors"
        }
      ],
      "description": "ECC Tools for the JWT Framework.",
      "homepage": "https://github.com/web-token",
      "keywords": [
        "JOSE",
        "JWE",
        "JWK",
        "JWKSet",
        "JWS",
        "Jot",
        "RFC7515",
        "RFC7516",
        "RFC7517",
        "RFC7518",
        "RFC7519",
        "RFC7520",
        "bundle",
        "jwa",
        "jwt",
        "symfony"
      ],
      "funding": [
        {
          "url": "https://www.patreon.com/FlorentMorselli",
          "type": "patreon"
        }
      ],
      "time": "2020-03-20T13:29:04+00:00"
    }
  ],
  "packages-dev": [],
  "aliases": [],
  "minimum-stability": "dev",
  "stability-flags": {
    "minishlink/web-push": 20,
    "php-imap/php-imap": 20
  },
  "prefer-stable": false,
  "prefer-lowest": false,
  "platform": {
    "php": ">=5.2.4"
  },
  "platform-dev": [],
  "plugin-api-version": "1.1.0"
}
